# THIS IS AN AUTOGENERATED FILE. DO NOT EDIT THIS FILE DIRECTLY.
# yarn lockfile v1


Validator@^1.0.8:
  version "1.0.8"
  resolved "https://registry.yarnpkg.com/Validator/-/Validator-1.0.8.tgz#c795a5f5b1f3dff63e5dfe64b50ff07f419b10d3"
  integrity sha512-ulkbBmf9m22C3l3oisUFX3ryEVAYDc4Il0lRCmx2ENniV1zOuSkIsuW5h3Sj1yDnoXKAM8A2f2hp5pSUWSbf7Q==
